
Microsoft Visual Studio Solution File, Format Version 12.00
# Visual Studio 15
VisualStudioVersion = 15.0.26206.0
MinimumVisualStudioVersion = 10.0.40219.1
Project("{FAE04EC0-301F-11D3-BF4B-00C04F79EFBC}") = "Angular2MVC", "Angular2MVC\Angular2MVC.csproj", "{C5AA3E95-0493-4C97-9154-0F73ED471715}"
EndProject
Project("{FAE04EC0-301F-11D3-BF4B-00C04F79EFBC}") = "App.Core", "App.Core\App.Core.csproj", "{5690BCDA-5751-44ED-83AB-94B3701B7FCE}"
EndProject
Project("{FAE04EC0-301F-11D3-BF4B-00C04F79EFBC}") = "App.Data", "App.Data\App.Data.csproj", "{A6D51EB1-1684-44D5-926F-F24AD24EC6B4}"
EndProject
Project("{FAE04EC0-301F-11D3-BF4B-00C04F79EFBC}") = "App.Common", "App.Common\App.Common.csproj", "{5F2E9E28-0823-419B-9776-07DD29B746F1}"
EndProject
Project("{FAE04EC0-301F-11D3-BF4B-00C04F79EFBC}") = "App.Services", "App.Services\App.Services.csproj", "{24274072-6637-49AD-9D62-93E35F8969F0}"
EndProject
Global
	GlobalSection(SolutionConfigurationPlatforms) = preSolution
		Debug|Any CPU = Debug|Any CPU
		Release|Any CPU = Release|Any CPU
	EndGlobalSection
	GlobalSection(ProjectConfigurationPlatforms) = postSolution
		{C5AA3E95-0493-4C97-9154-0F73ED471715}.Debug|Any CPU.ActiveCfg = Debug|Any CPU
		{C5AA3E95-0493-4C97-9154-0F73ED471715}.Debug|Any CPU.Build.0 = Debug|Any CPU
		{C5AA3E95-0493-4C97-9154-0F73ED471715}.Release|Any CPU.ActiveCfg = Release|Any CPU
		{C5AA3E95-0493-4C97-9154-0F73ED471715}.Release|Any CPU.Build.0 = Release|Any CPU
		{5690BCDA-5751-44ED-83AB-94B3701B7FCE}.Debug|Any CPU.ActiveCfg = Debug|Any CPU
		{5690BCDA-5751-44ED-83AB-94B3701B7FCE}.Debug|Any CPU.Build.0 = Debug|Any CPU
		{5690BCDA-5751-44ED-83AB-94B3701B7FCE}.Release|Any CPU.ActiveCfg = Release|Any CPU
		{5690BCDA-5751-44ED-83AB-94B3701B7FCE}.Release|Any CPU.Build.0 = Release|Any CPU
		{A6D51EB1-1684-44D5-926F-F24AD24EC6B4}.Debug|Any CPU.ActiveCfg = Debug|Any CPU
		{A6D51EB1-1684-44D5-926F-F24AD24EC6B4}.Debug|Any CPU.Build.0 = Debug|Any CPU
		{A6D51EB1-1684-44D5-926F-F24AD24EC6B4}.Release|Any CPU.ActiveCfg = Release|Any CPU
		{A6D51EB1-1684-44D5-926F-F24AD24EC6B4}.Release|Any CPU.Build.0 = Release|Any CPU
		{5F2E9E28-0823-419B-9776-07DD29B746F1}.Debug|Any CPU.ActiveCfg = Debug|Any CPU
		{5F2E9E28-0823-419B-9776-07DD29B746F1}.Debug|Any CPU.Build.0 = Debug|Any CPU
		{5F2E9E28-0823-419B-9776-07DD29B746F1}.Release|Any CPU.ActiveCfg = Release|Any CPU
		{5F2E9E28-0823-419B-9776-07DD29B746F1}.Release|Any CPU.Build.0 = Release|Any CPU
		{24274072-6637-49AD-9D62-93E35F8969F0}.Debug|Any CPU.ActiveCfg = Debug|Any CPU
		{24274072-6637-49AD-9D62-93E35F8969F0}.Debug|Any CPU.Build.0 = Debug|Any CPU
		{24274072-6637-49AD-9D62-93E35F8969F0}.Release|Any CPU.ActiveCfg = Release|Any CPU
		{24274072-6637-49AD-9D62-93E35F8969F0}.Release|Any CPU.Build.0 = Release|Any CPU
	EndGlobalSection
	GlobalSection(SolutionProperties) = preSolution
		HideSolutionNode = FALSE
	EndGlobalSection
	GlobalSection(ExtensibilityGlobals) = postSolution
		SolutionGuid = {B6D377D3-26CF-4517-A225-9208BF9CA14F}
	EndGlobalSection
EndGlobal
